github.com/skiredall/dog v0.0.0-20251117074712-101484b25f72 h1:B2jP0120B4ky4MoW9ttbnGK8j00cznBv406Bcic/tv0=
github.com/skiredall/dog v0.0.0-20251117074712-101484b25f72/go.mod h1:fzuq0hNFIqiOXhH9SwmJBh6g++Z668YkUfjqD3IXo60=
github.com/skiredall/puppy v0.0.0-20251117111141-66981ccfdcce h1:cZK8oHUf9ijogK7tdL9wVBnPitX9rO9GZGSZZsTurDo=
github.com/skiredall/puppy v0.0.0-20251117111141-66981ccfdcce/go.mod h1:RLdiEfqkASHKcZcMB7m4gTH2u3+r8x3z4Mo3ltk6VPg=
github.com/skiredall/puppy v0.0.0-20251117114250-78cce19d9507 h1:tccCDKPKcmz4qCZpkpT1pqd6rxv/fjmBu5YrD/ILmtE=
github.com/skiredall/puppy v0.0.0-20251117114250-78cce19d9507/go.mod h1:RLdiEfqkASHKcZcMB7m4gTH2u3+r8x3z4Mo3ltk6VPg=
